<?xml version="1.0" encoding="utf-8"?>
<Project ToolsVersion="4.0" xmlns="http://schemas.microsoft.com/developer/msbuild/2003">
  <ItemGroup>
    <Filter Include="Header Files">
      <UniqueIdentifier>{93995380-89BD-4b04-88EB-625FBE52EBFB}</UniqueIdentifier>
      <Extensions>h;hpp;hxx;hm;inl;inc;xsd</Extensions>
    </Filter>
    <Filter Include="Source Files">
      <UniqueIdentifier>{4FC737F1-C7A5-4376-A066-2A32D752A2FF}</UniqueIdentifier>
      <Extensions>cpp;c;cc;cxx;def;odl;idl;hpj;bat;asm;asmx</Extensions>
    </Filter>
    <Filter Include="Resources">
      <UniqueIdentifier>{67DA6AB6-F800-4c08-8B7A-83BB121AAD01}</UniqueIdentifier>
      <Extensions>rc;ico;cur;bmp;dlg;rc2;rct;bin;rgs;gif;jpg;jpeg;jpe;resx;tiff;tif;png;wav</Extensions>
    </Filter>
  </ItemGroup>
  <ItemGroup>
    <ClCompile Include="ColorStatic.cpp">
      <Filter>Source Files</Filter>
    </ClCompile>
    <ClCompile Include="ComPort.cpp">
      <Filter>Source Files</Filter>
    </ClCompile>
    <ClCompile Include="ComWatchThread.cpp">
      <Filter>Source Files</Filter>
    </ClCompile>
    <ClCompile Include="DebugInfoDlg.cpp">
      <Filter>Source Files</Filter>
    </ClCompile>
    <ClCompile Include="MainDlg.cpp">
      <Filter>Source Files</Filter>
    </ClCompile>
    <ClCompile Include="Multi_Para Monitor.cpp">
      <Filter>Source Files</Filter>
    </ClCompile>
    <ClCompile Include="Multi_Para MonitorDlg.cpp">
      <Filter>Source Files</Filter>
    </ClCompile>
    <ClCompile Include="NbpCaliDlg.cpp">
      <Filter>Source Files</Filter>
    </ClCompile>
    <ClCompile Include="NibpInfo.cpp">
      <Filter>Source Files</Filter>
    </ClCompile>
    <ClCompile Include="SetPatientDlg.cpp">
      <Filter>Source Files</Filter>
    </ClCompile>
    <ClCompile Include="ShowTimeThread.cpp">
      <Filter>Source Files</Filter>
    </ClCompile>
    <ClCompile Include="SpO2Info.cpp">
      <Filter>Source Files</Filter>
    </ClCompile>
    <ClCompile Include="SpO2Wave.cpp">
      <Filter>Source Files</Filter>
    </ClCompile>
    <ClCompile Include="StaticCuffPrsInfo.cpp">
      <Filter>Source Files</Filter>
    </ClCompile>
    <ClCompile Include="StaticEcgInfo.cpp">
      <Filter>Source Files</Filter>
    </ClCompile>
    <ClCompile Include="StaticEcgWave.cpp">
      <Filter>Source Files</Filter>
    </ClCompile>
    <ClCompile Include="StaticRespInfo.cpp">
      <Filter>Source Files</Filter>
    </ClCompile>
    <ClCompile Include="StaticRespWave.cpp">
      <Filter>Source Files</Filter>
    </ClCompile>
    <ClCompile Include="StaticResultInfo.cpp">
      <Filter>Source Files</Filter>
    </ClCompile>
    <ClCompile Include="StaticTempInfo.cpp">
      <Filter>Source Files</Filter>
    </ClCompile>
    <ClCompile Include="StaticWave.cpp">
      <Filter>Source Files</Filter>
    </ClCompile>
    <ClCompile Include="stdafx.cpp">
      <Filter>Source Files</Filter>
    </ClCompile>
    <ClCompile Include="TransParentButton.cpp">
      <Filter>Source Files</Filter>
    </ClCompile>
    <ClCompile Include="kirim.cpp">
      <Filter>Source Files</Filter>
    </ClCompile>
  </ItemGroup>
  <ItemGroup>
    <ClInclude Include="ColorStatic.h">
      <Filter>Header Files</Filter>
    </ClInclude>
    <ClInclude Include="ComPort.h">
      <Filter>Header Files</Filter>
    </ClInclude>
    <ClInclude Include="ComWatchThread.h">
      <Filter>Header Files</Filter>
    </ClInclude>
    <ClInclude Include="DebugInfoDlg.h">
      <Filter>Header Files</Filter>
    </ClInclude>
    <ClInclude Include="LAYOUT.h">
      <Filter>Header Files</Filter>
    </ClInclude>
    <ClInclude Include="MainDlg.h">
      <Filter>Header Files</Filter>
    </ClInclude>
    <ClInclude Include="Multi_Para Monitor.h">
      <Filter>Header Files</Filter>
    </ClInclude>
    <ClInclude Include="Multi_Para MonitorDlg.h">
      <Filter>Header Files</Filter>
    </ClInclude>
    <ClInclude Include="NbpCaliDlg.h">
      <Filter>Header Files</Filter>
    </ClInclude>
    <ClInclude Include="NibpInfo.h">
      <Filter>Header Files</Filter>
    </ClInclude>
    <ClInclude Include="PackID.h">
      <Filter>Header Files</Filter>
    </ClInclude>
    <ClInclude Include="Resource.h">
      <Filter>Header Files</Filter>
    </ClInclude>
    <ClInclude Include="SetPatientDlg.h">
      <Filter>Header Files</Filter>
    </ClInclude>
    <ClInclude Include="ShowTimeThread.h">
      <Filter>Header Files</Filter>
    </ClInclude>
    <ClInclude Include="SpO2Info.h">
      <Filter>Header Files</Filter>
    </ClInclude>
    <ClInclude Include="SpO2Wave.h">
      <Filter>Header Files</Filter>
    </ClInclude>
    <ClInclude Include="StaticCuffPrsInfo.h">
      <Filter>Header Files</Filter>
    </ClInclude>
    <ClInclude Include="StaticEcgInfo.h">
      <Filter>Header Files</Filter>
    </ClInclude>
    <ClInclude Include="StaticEcgWave.h">
      <Filter>Header Files</Filter>
    </ClInclude>
    <ClInclude Include="StaticRespInfo.h">
      <Filter>Header Files</Filter>
    </ClInclude>
    <ClInclude Include="StaticRespWave.h">
      <Filter>Header Files</Filter>
    </ClInclude>
    <ClInclude Include="StaticResultInfo.h">
      <Filter>Header Files</Filter>
    </ClInclude>
    <ClInclude Include="StaticTempInfo.h">
      <Filter>Header Files</Filter>
    </ClInclude>
    <ClInclude Include="StaticWave.h">
      <Filter>Header Files</Filter>
    </ClInclude>
    <ClInclude Include="stdafx.h">
      <Filter>Header Files</Filter>
    </ClInclude>
    <ClInclude Include="targetver.h">
      <Filter>Header Files</Filter>
    </ClInclude>
    <ClInclude Include="TransParentButton.h">
      <Filter>Header Files</Filter>
    </ClInclude>
    <ClInclude Include="kirim.h">
      <Filter>Header Files</Filter>
    </ClInclude>
  </ItemGroup>
  <ItemGroup>
    <Image Include="BKPicture\bitmap1.bmp">
      <Filter>Resources</Filter>
    </Image>
    <Image Include="BKPicture\ICON.ico">
      <Filter>Resources</Filter>
    </Image>
    <Image Include="BKPicture\ICON2.ico">
      <Filter>Resources</Filter>
    </Image>
    <Image Include="BKPicture\MainBK.bmp">
      <Filter>Resources</Filter>
    </Image>
    <Image Include="res\Multi_Para Monitor.ico">
      <Filter>Resources</Filter>
    </Image>
  </ItemGroup>
  <ItemGroup>
    <ResourceCompile Include="Multi_Para Monitor.rc">
      <Filter>Resources</Filter>
    </ResourceCompile>
  </ItemGroup>
  <ItemGroup>
    <None Include="res\Multi_ParaMonitor.rc2">
      <Filter>Resources</Filter>
    </None>
  </ItemGroup>
</Project>